{
  "name": "devoir-0-starter",
  "version": "1.0.0",
  "lockfileVersion": 1,
  "requires": true,
  "dependencies": {
    "@types/node": {
      "version": "14.14.42",
      "resolved": "https://registry.npmjs.org/@types/node/-/node-14.14.42.tgz",
      "integrity": "sha512-88QoObqn9WYIUMRzOx92GmSHmU3JCyukC2ulEv8tFjUG9VeV2FQ/cA7VQ1gi+rB/+gBMVvzVFcTnz8RdMDVIWw==",
      "dev": true
    },
    "typescript": {
      "version": "4.1.5",
      "resolved": "https://registry.npmjs.org/typescript/-/typescript-4.1.5.tgz",
      "integrity": "sha512-6OSu9PTIzmn9TCDiovULTnET6BgXtDYL4Gg4szY+cGsc3JP1dQL8qvE8kShTRx1NIw4Q9IBHlwODjkjWEtMUyA==",
      "dev": true
    }
  }
}
